
Microsoft Visual Studio Solution File, Format Version 12.00
# Visual Studio Version 17
VisualStudioVersion = 17.11.35312.102
MinimumVisualStudioVersion = 10.0.40219.1
Project("{2150E333-8FDC-42A3-9474-1A3956D46DE8}") = "src", "src", "{75A1821F-289C-4240-8F31-59C2DD6B703F}"
EndProject
Project("{2150E333-8FDC-42A3-9474-1A3956D46DE8}") = "API", "API", "{C463649A-4BF8-451F-8172-B005FF7151CA}"
EndProject
Project("{2150E333-8FDC-42A3-9474-1A3956D46DE8}") = "DAL", "DAL", "{A6A1DC8A-F981-43ED-A0F4-E7D7D466484D}"
EndProject
Project("{2150E333-8FDC-42A3-9474-1A3956D46DE8}") = "BE", "BE", "{4153B521-07EC-418F-B1A3-E8257322BE01}"
EndProject
Project("{2150E333-8FDC-42A3-9474-1A3956D46DE8}") = "BL", "BL", "{E65885E6-F8CC-4E83-9027-01532E5049A4}"
EndProject
Project("{FAE04EC0-301F-11D3-BF4B-00C04F79EFBC}") = "Chubb.Prueba.API", "src\Chubb.Prueba.API\Chubb.Prueba.API.csproj", "{0A584806-1ACF-4280-A648-3A7FC6BF6146}"
EndProject
Project("{FAE04EC0-301F-11D3-BF4B-00C04F79EFBC}") = "Chubb.Prueba.Entities", "src\Chubb.Prueba.Entities\Chubb.Prueba.Entities.csproj", "{5F09827E-6A08-418E-AC9B-EB4F57F13043}"
EndProject
Project("{FAE04EC0-301F-11D3-BF4B-00C04F79EFBC}") = "Chubb.Prueba.DTOs", "src\Chubb.Prueba.DTOs\Chubb.Prueba.DTOs.csproj", "{9E33AE72-2593-48C1-BA8C-A9847C4BBED4}"
EndProject
Project("{FAE04EC0-301F-11D3-BF4B-00C04F79EFBC}") = "Chubb.Prueba.BL", "src\Chubb.Prueba.BL\Chubb.Prueba.BL.csproj", "{AFA61199-3056-4C7F-A3FB-49C9DFBF0C8F}"
EndProject
Project("{FAE04EC0-301F-11D3-BF4B-00C04F79EFBC}") = "Chubb.Prueba.DAL", "src\Chubb.Prueba.DAL\Chubb.Prueba.DAL.csproj", "{8DE22DBF-98BB-4972-A99C-58FB9F5AAE03}"
EndProject
Project("{FAE04EC0-301F-11D3-BF4B-00C04F79EFBC}") = "Chubb.Prueba.Const", "src\Chubb.Prueba.Const\Chubb.Prueba.Const.csproj", "{37273FED-C984-46E1-8ACB-00B46C0AEFE2}"
EndProject
Global
	GlobalSection(SolutionConfigurationPlatforms) = preSolution
		Debug|Any CPU = Debug|Any CPU
		Release|Any CPU = Release|Any CPU
	EndGlobalSection
	GlobalSection(ProjectConfigurationPlatforms) = postSolution
		{0A584806-1ACF-4280-A648-3A7FC6BF6146}.Debug|Any CPU.ActiveCfg = Debug|Any CPU
		{0A584806-1ACF-4280-A648-3A7FC6BF6146}.Debug|Any CPU.Build.0 = Debug|Any CPU
		{0A584806-1ACF-4280-A648-3A7FC6BF6146}.Release|Any CPU.ActiveCfg = Release|Any CPU
		{0A584806-1ACF-4280-A648-3A7FC6BF6146}.Release|Any CPU.Build.0 = Release|Any CPU
		{5F09827E-6A08-418E-AC9B-EB4F57F13043}.Debug|Any CPU.ActiveCfg = Debug|Any CPU
		{5F09827E-6A08-418E-AC9B-EB4F57F13043}.Debug|Any CPU.Build.0 = Debug|Any CPU
		{5F09827E-6A08-418E-AC9B-EB4F57F13043}.Release|Any CPU.ActiveCfg = Release|Any CPU
		{5F09827E-6A08-418E-AC9B-EB4F57F13043}.Release|Any CPU.Build.0 = Release|Any CPU
		{9E33AE72-2593-48C1-BA8C-A9847C4BBED4}.Debug|Any CPU.ActiveCfg = Debug|Any CPU
		{9E33AE72-2593-48C1-BA8C-A9847C4BBED4}.Debug|Any CPU.Build.0 = Debug|Any CPU
		{9E33AE72-2593-48C1-BA8C-A9847C4BBED4}.Release|Any CPU.ActiveCfg = Release|Any CPU
		{9E33AE72-2593-48C1-BA8C-A9847C4BBED4}.Release|Any CPU.Build.0 = Release|Any CPU
		{AFA61199-3056-4C7F-A3FB-49C9DFBF0C8F}.Debug|Any CPU.ActiveCfg = Debug|Any CPU
		{AFA61199-3056-4C7F-A3FB-49C9DFBF0C8F}.Debug|Any CPU.Build.0 = Debug|Any CPU
		{AFA61199-3056-4C7F-A3FB-49C9DFBF0C8F}.Release|Any CPU.ActiveCfg = Release|Any CPU
		{AFA61199-3056-4C7F-A3FB-49C9DFBF0C8F}.Release|Any CPU.Build.0 = Release|Any CPU
		{8DE22DBF-98BB-4972-A99C-58FB9F5AAE03}.Debug|Any CPU.ActiveCfg = Debug|Any CPU
		{8DE22DBF-98BB-4972-A99C-58FB9F5AAE03}.Debug|Any CPU.Build.0 = Debug|Any CPU
		{8DE22DBF-98BB-4972-A99C-58FB9F5AAE03}.Release|Any CPU.ActiveCfg = Release|Any CPU
		{8DE22DBF-98BB-4972-A99C-58FB9F5AAE03}.Release|Any CPU.Build.0 = Release|Any CPU
		{37273FED-C984-46E1-8ACB-00B46C0AEFE2}.Debug|Any CPU.ActiveCfg = Debug|Any CPU
		{37273FED-C984-46E1-8ACB-00B46C0AEFE2}.Debug|Any CPU.Build.0 = Debug|Any CPU
		{37273FED-C984-46E1-8ACB-00B46C0AEFE2}.Release|Any CPU.ActiveCfg = Release|Any CPU
		{37273FED-C984-46E1-8ACB-00B46C0AEFE2}.Release|Any CPU.Build.0 = Release|Any CPU
	EndGlobalSection
	GlobalSection(SolutionProperties) = preSolution
		HideSolutionNode = FALSE
	EndGlobalSection
	GlobalSection(NestedProjects) = preSolution
		{C463649A-4BF8-451F-8172-B005FF7151CA} = {75A1821F-289C-4240-8F31-59C2DD6B703F}
		{A6A1DC8A-F981-43ED-A0F4-E7D7D466484D} = {75A1821F-289C-4240-8F31-59C2DD6B703F}
		{4153B521-07EC-418F-B1A3-E8257322BE01} = {75A1821F-289C-4240-8F31-59C2DD6B703F}
		{E65885E6-F8CC-4E83-9027-01532E5049A4} = {75A1821F-289C-4240-8F31-59C2DD6B703F}
		{0A584806-1ACF-4280-A648-3A7FC6BF6146} = {C463649A-4BF8-451F-8172-B005FF7151CA}
		{5F09827E-6A08-418E-AC9B-EB4F57F13043} = {4153B521-07EC-418F-B1A3-E8257322BE01}
		{9E33AE72-2593-48C1-BA8C-A9847C4BBED4} = {4153B521-07EC-418F-B1A3-E8257322BE01}
		{AFA61199-3056-4C7F-A3FB-49C9DFBF0C8F} = {E65885E6-F8CC-4E83-9027-01532E5049A4}
		{8DE22DBF-98BB-4972-A99C-58FB9F5AAE03} = {A6A1DC8A-F981-43ED-A0F4-E7D7D466484D}
		{37273FED-C984-46E1-8ACB-00B46C0AEFE2} = {4153B521-07EC-418F-B1A3-E8257322BE01}
	EndGlobalSection
	GlobalSection(ExtensibilityGlobals) = postSolution
		SolutionGuid = {12787767-8F70-4FAF-B080-8A804C2EFF2E}
	EndGlobalSection
EndGlobal
